
Microsoft Visual Studio Solution File, Format Version 12.00
# Visual Studio Version 17
VisualStudioVersion = 17.5.33530.505
MinimumVisualStudioVersion = 10.0.40219.1
Project("{FAE04EC0-301F-11D3-BF4B-00C04F79EFBC}") = "DataStractures", "DataStractures\DataStractures.csproj", "{2242D0D0-3AC3-423E-9DEC-FE1513D015A3}"
EndProject
Global
	GlobalSection(SolutionConfigurationPlatforms) = preSolution
		Debug|Any CPU = Debug|Any CPU
		Release|Any CPU = Release|Any CPU
	EndGlobalSection
	GlobalSection(ProjectConfigurationPlatforms) = postSolution
		{2242D0D0-3AC3-423E-9DEC-FE1513D015A3}.Debug|Any CPU.ActiveCfg = Debug|Any CPU
		{2242D0D0-3AC3-423E-9DEC-FE1513D015A3}.Debug|Any CPU.Build.0 = Debug|Any CPU
		{2242D0D0-3AC3-423E-9DEC-FE1513D015A3}.Release|Any CPU.ActiveCfg = Release|Any CPU
		{2242D0D0-3AC3-423E-9DEC-FE1513D015A3}.Release|Any CPU.Build.0 = Release|Any CPU
	EndGlobalSection
	GlobalSection(SolutionProperties) = preSolution
		HideSolutionNode = FALSE
	EndGlobalSection
	GlobalSection(ExtensibilityGlobals) = postSolution
		SolutionGuid = {7E618C31-EBFB-4E15-93E3-BDA7308B96D0}
	EndGlobalSection
EndGlobal
